
Microsoft Visual Studio Solution File, Format Version 12.00
Project("{FAE04EC0-301F-11D3-BF4B-00C04F79EFBC}") = "Overflow.AppHost", "Overflow.AppHost\Overflow.AppHost.csproj", "{11F16B17-F04B-4C8F-8E30-581A323AD174}"
EndProject
Project("{FAE04EC0-301F-11D3-BF4B-00C04F79EFBC}") = "Overflow.ServiceDefaults", "Overflow.ServiceDefaults\Overflow.ServiceDefaults.csproj", "{E43222C8-B04F-4B56-8243-0F28689D2808}"
EndProject
Project("{2150E333-8FDC-42A3-9474-1A3956D46DE8}") = "services", "services", "{D0F0A5B7-4FEB-4E34-ACDC-A7B60B6DDAB3}"
EndProject
Project("{FAE04EC0-301F-11D3-BF4B-00C04F79EFBC}") = "QuestionService", "QuestionService\QuestionService.csproj", "{D5286968-E391-45F9-BFDD-902B1C8A4CC3}"
EndProject
Project("{FAE04EC0-301F-11D3-BF4B-00C04F79EFBC}") = "SearchService", "SearchService\SearchService.csproj", "{F84C8220-318E-4A72-82E6-1966DEC89219}"
EndProject
Project("{2150E333-8FDC-42A3-9474-1A3956D46DE8}") = "common", "common", "{5C647F79-79F4-405F-B7F7-AD96157138CF}"
EndProject
Project("{FAE04EC0-301F-11D3-BF4B-00C04F79EFBC}") = "Contracts", "Contracts\Contracts.csproj", "{4063ABBD-4275-4822-AC13-D45DA7B970CC}"
EndProject
Project("{FAE04EC0-301F-11D3-BF4B-00C04F79EFBC}") = "Common", "Common\Common.csproj", "{49C3EBB6-F067-45D8-A252-165D0231C5ED}"
EndProject
Global
	GlobalSection(SolutionConfigurationPlatforms) = preSolution
		Debug|Any CPU = Debug|Any CPU
		Release|Any CPU = Release|Any CPU
	EndGlobalSection
	GlobalSection(ProjectConfigurationPlatforms) = postSolution
		{11F16B17-F04B-4C8F-8E30-581A323AD174}.Debug|Any CPU.ActiveCfg = Debug|Any CPU
		{11F16B17-F04B-4C8F-8E30-581A323AD174}.Debug|Any CPU.Build.0 = Debug|Any CPU
		{11F16B17-F04B-4C8F-8E30-581A323AD174}.Release|Any CPU.ActiveCfg = Release|Any CPU
		{11F16B17-F04B-4C8F-8E30-581A323AD174}.Release|Any CPU.Build.0 = Release|Any CPU
		{E43222C8-B04F-4B56-8243-0F28689D2808}.Debug|Any CPU.ActiveCfg = Debug|Any CPU
		{E43222C8-B04F-4B56-8243-0F28689D2808}.Debug|Any CPU.Build.0 = Debug|Any CPU
		{E43222C8-B04F-4B56-8243-0F28689D2808}.Release|Any CPU.ActiveCfg = Release|Any CPU
		{E43222C8-B04F-4B56-8243-0F28689D2808}.Release|Any CPU.Build.0 = Release|Any CPU
		{D5286968-E391-45F9-BFDD-902B1C8A4CC3}.Debug|Any CPU.ActiveCfg = Debug|Any CPU
		{D5286968-E391-45F9-BFDD-902B1C8A4CC3}.Debug|Any CPU.Build.0 = Debug|Any CPU
		{D5286968-E391-45F9-BFDD-902B1C8A4CC3}.Release|Any CPU.ActiveCfg = Release|Any CPU
		{D5286968-E391-45F9-BFDD-902B1C8A4CC3}.Release|Any CPU.Build.0 = Release|Any CPU
		{F84C8220-318E-4A72-82E6-1966DEC89219}.Debug|Any CPU.ActiveCfg = Debug|Any CPU
		{F84C8220-318E-4A72-82E6-1966DEC89219}.Debug|Any CPU.Build.0 = Debug|Any CPU
		{F84C8220-318E-4A72-82E6-1966DEC89219}.Release|Any CPU.ActiveCfg = Release|Any CPU
		{F84C8220-318E-4A72-82E6-1966DEC89219}.Release|Any CPU.Build.0 = Release|Any CPU
		{4063ABBD-4275-4822-AC13-D45DA7B970CC}.Debug|Any CPU.ActiveCfg = Debug|Any CPU
		{4063ABBD-4275-4822-AC13-D45DA7B970CC}.Debug|Any CPU.Build.0 = Debug|Any CPU
		{4063ABBD-4275-4822-AC13-D45DA7B970CC}.Release|Any CPU.ActiveCfg = Release|Any CPU
		{4063ABBD-4275-4822-AC13-D45DA7B970CC}.Release|Any CPU.Build.0 = Release|Any CPU
		{49C3EBB6-F067-45D8-A252-165D0231C5ED}.Debug|Any CPU.ActiveCfg = Debug|Any CPU
		{49C3EBB6-F067-45D8-A252-165D0231C5ED}.Debug|Any CPU.Build.0 = Debug|Any CPU
		{49C3EBB6-F067-45D8-A252-165D0231C5ED}.Release|Any CPU.ActiveCfg = Release|Any CPU
		{49C3EBB6-F067-45D8-A252-165D0231C5ED}.Release|Any CPU.Build.0 = Release|Any CPU
	EndGlobalSection
	GlobalSection(NestedProjects) = preSolution
		{D5286968-E391-45F9-BFDD-902B1C8A4CC3} = {D0F0A5B7-4FEB-4E34-ACDC-A7B60B6DDAB3}
		{F84C8220-318E-4A72-82E6-1966DEC89219} = {D0F0A5B7-4FEB-4E34-ACDC-A7B60B6DDAB3}
		{4063ABBD-4275-4822-AC13-D45DA7B970CC} = {5C647F79-79F4-405F-B7F7-AD96157138CF}
		{49C3EBB6-F067-45D8-A252-165D0231C5ED} = {5C647F79-79F4-405F-B7F7-AD96157138CF}
	EndGlobalSection
EndGlobal
